// !$*UTF8*$!
{
	archiveVersion = 1;
	classes = {
	};
	objectVersion = 77;
	objects = {

/* Begin PBXBuildFile section */
		A3F3A26C22C802E6BF600CCA /* Models.swift in Sources */ = {isa = PBXBuildFile; fileRef = F3C3D91BE4505D61F64A2503 /* Models.swift */; };
		A71A219539F69239F5F5716D /* FengShuiApp.swift in Sources */ = {isa = PBXBuildFile; fileRef = 18D5B98DF2C4EE69E6FABF04 /* FengShuiApp.swift */; };
		A7468F0C6B7AD13B28D02D0D /* ChapterListView.swift in Sources */ = {isa = PBXBuildFile; fileRef = 5F5E668F5D623EAEEA12177D /* ChapterListView.swift */; };
		DC25D86CC65514E5278C8381 /* Assets.xcassets in Resources */ = {isa = PBXBuildFile; fileRef = 3025F43E9DD6809132977EDA /* Assets.xcassets */; };
		F8D2AE123BBCAD093DC73A57 /* content.md in Resources */ = {isa = PBXBuildFile; fileRef = B871448D499C64F3C1E34A2F /* content.md */; };
/* End PBXBuildFile section */

/* Begin PBXFileReference section */
		18D5B98DF2C4EE69E6FABF04 /* FengShuiApp.swift */ = {isa = PBXFileReference; lastKnownFileType = sourcecode.swift; path = FengShuiApp.swift; sourceTree = "<group>"; };
		3025F43E9DD6809132977EDA /* Assets.xcassets */ = {isa = PBXFileReference; lastKnownFileType = folder.assetcatalog; path = Assets.xcassets; sourceTree = "<group>"; };
		3BF5933B20F84B7C5683437C /* FengShui.app */ = {isa = PBXFileReference; includeInIndex = 0; lastKnownFileType = wrapper.application; path = FengShui.app; sourceTree = BUILT_PRODUCTS_DIR; };
		5F5E668F5D623EAEEA12177D /* ChapterListView.swift */ = {isa = PBXFileReference; lastKnownFileType = sourcecode.swift; path = ChapterListView.swift; sourceTree = "<group>"; };
		707E188ED00919A78ADCCF09 /* Info.plist */ = {isa = PBXFileReference; lastKnownFileType = text.plist; path = Info.plist; sourceTree = "<group>"; };
		B871448D499C64F3C1E34A2F /* content.md */ = {isa = PBXFileReference; lastKnownFileType = net.daringfireball.markdown; path = content.md; sourceTree = "<group>"; };
		F3C3D91BE4505D61F64A2503 /* Models.swift */ = {isa = PBXFileReference; lastKnownFileType = sourcecode.swift; path = Models.swift; sourceTree = "<group>"; };
/* End PBXFileReference section */

/* Begin PBXGroup section */
		13968B5025B69A0F8D9C29DC /* Resources */ = {
			isa = PBXGroup;
			children = (
				B871448D499C64F3C1E34A2F /* content.md */,
			);
			path = Resources;
			sourceTree = "<group>";
		};
		78FD57D3EC8588FCD44A9C32 = {
			isa = PBXGroup;
			children = (
				8E6F723FA7E3670DE3A884D3 /* FengShui */,
				E9A070423CDA8C5558221A2A /* Products */,
			);
			sourceTree = "<group>";
		};
		8E6F723FA7E3670DE3A884D3 /* FengShui */ = {
			isa = PBXGroup;
			children = (
				3025F43E9DD6809132977EDA /* Assets.xcassets */,
				18D5B98DF2C4EE69E6FABF04 /* FengShuiApp.swift */,
				707E188ED00919A78ADCCF09 /* Info.plist */,
				F3C3D91BE4505D61F64A2503 /* Models.swift */,
				13968B5025B69A0F8D9C29DC /* Resources */,
				BE4CB12EB54D919D73E3AF4E /* Views */,
			);
			path = FengShui;
			sourceTree = "<group>";
		};
		BE4CB12EB54D919D73E3AF4E /* Views */ = {
			isa = PBXGroup;
			children = (
				5F5E668F5D623EAEEA12177D /* ChapterListView.swift */,
			);
			path = Views;
			sourceTree = "<group>";
		};
		E9A070423CDA8C5558221A2A /* Products */ = {
			isa = PBXGroup;
			children = (
				3BF5933B20F84B7C5683437C /* FengShui.app */,
			);
			name = Products;
			sourceTree = "<group>";
		};
/* End PBXGroup section */

/* Begin PBXNativeTarget section */
		188EE7CAB3924AD411C6225A /* FengShui */ = {
			isa = PBXNativeTarget;
			buildConfigurationList = 3D3AA92C953A2C539264FD4C /* Build configuration list for PBXNativeTarget "FengShui" */;
			buildPhases = (
				929EBB3B34525189D5A46106 /* Sources */,
				EE667705EDAFF343E5791ADB /* Resources */,
			);
			buildRules = (
			);
			dependencies = (
			);
			name = FengShui;
			packageProductDependencies = (
			);
			productName = FengShui;
			productReference = 3BF5933B20F84B7C5683437C /* FengShui.app */;
			productType = "com.apple.product-type.application";
		};
/* End PBXNativeTarget section */

/* Begin PBXProject section */
		1669A6554BD145B0999E8AE0 /* Project object */ = {
			isa = PBXProject;
			attributes = {
				BuildIndependentTargetsInParallel = YES;
				LastUpgradeCheck = 1430;
				TargetAttributes = {
					188EE7CAB3924AD411C6225A = {
						DevelopmentTeam = QMM486NPYC;
						ProvisioningStyle = Automatic;
					};
				};
			};
			buildConfigurationList = F5A42564FA50F8AD0073FDF0 /* Build configuration list for PBXProject "FengShui" */;
			developmentRegion = en;
			hasScannedForEncodings = 0;
			knownRegions = (
				Base,
				en,
			);
			mainGroup = 78FD57D3EC8588FCD44A9C32;
			minimizedProjectReferenceProxies = 1;
			preferredProjectObjectVersion = 77;
			productRefGroup = E9A070423CDA8C5558221A2A /* Products */;
			projectDirPath = "";
			projectRoot = "";
			targets = (
				188EE7CAB3924AD411C6225A /* FengShui */,
			);
		};
/* End PBXProject section */

/* Begin PBXResourcesBuildPhase section */
		EE667705EDAFF343E5791ADB /* Resources */ = {
			isa = PBXResourcesBuildPhase;
			buildActionMask = 2147483647;
			files = (
				DC25D86CC65514E5278C8381 /* Assets.xcassets in Resources */,
				F8D2AE123BBCAD093DC73A57 /* content.md in Resources */,
			);
			runOnlyForDeploymentPostprocessing = 0;
		};
/* End PBXResourcesBuildPhase section */

/* Begin PBXSourcesBuildPhase section */
		929EBB3B34525189D5A46106 /* Sources */ = {
			isa = PBXSourcesBuildPhase;
			buildActionMask = 2147483647;
			files = (
				A7468F0C6B7AD13B28D02D0D /* ChapterListView.swift in Sources */,
				A71A219539F69239F5F5716D /* FengShuiApp.swift in Sources */,
				A3F3A26C22C802E6BF600CCA /* Models.swift in Sources */,
			);
			runOnlyForDeploymentPostprocessing = 0;
		};
/* End PBXSourcesBuildPhase section */

/* Begin XCBuildConfiguration section */
		244DE139079A14EC218F3408 /* Debug */ = {
			isa = XCBuildConfiguration;
			buildSettings = {
				ASSETCATALOG_COMPILER_APPICON_NAME = AppIcon;
				CODE_SIGN_IDENTITY = "iPhone Developer";
				CODE_SIGN_STYLE = Automatic;
				CURRENT_PROJECT_VERSION = 1;
				DEVELOPMENT_TEAM = QMM486NPYC;
				INFOPLIST_FILE = FengShui/Info.plist;
				INFOPLIST_KEY_LSApplicationCategoryType = "public.app-category.lifestyle";
				IPHONEOS_DEPLOYMENT_TARGET = 17.0;
				LD_RUNPATH_SEARCH_PATHS = (
					"$(inherited)",
					"@executable_path/Frameworks",
				);
				MARKETING_VERSION = 1.0;
				PRODUCT_BUNDLE_IDENTIFIER = com.heyitsmejosh.fengshui;
				SDKROOT = iphoneos;
				TARGETED_DEVICE_FAMILY = "1,2";
			};
			name = Debug;
		};
		6219734425E9FE2A80DC5E18 /* Release */ = {
			isa = XCBuildConfiguration;
			buildSettings = {
				ALWAYS_SEARCH_USER_PATHS = NO;
				CLANG_ANALYZER_NONNULL = YES;
				CLANG_ANALYZER_NUMBER_OBJECT_CONVERSION = YES_AGGRESSIVE;
				CLANG_CXX_LANGUAGE_STANDARD = "gnu++14";
				CLANG_CXX_LIBRARY = "libc++";
				CLANG_ENABLE_MODULES = YES;
				CLANG_ENABLE_OBJC_ARC = YES;
				CLANG_ENABLE_OBJC_WEAK = YES;
				CLANG_WARN_BLOCK_CAPTURE_AUTORELEASING = YES;
				CLANG_WARN_BOOL_CONVERSION = YES;
				CLANG_WARN_COMMA = YES;
				CLANG_WARN_CONSTANT_CONVERSION = YES;
				CLANG_WARN_DEPRECATED_OBJC_IMPLEMENTATIONS = YES;
				CLANG_WARN_DIRECT_OBJC_ISA_USAGE = YES_ERROR;
				CLANG_WARN_DOCUMENTATION_COMMENTS = YES;
				CLANG_WARN_EMPTY_BODY = YES;
				CLANG_WARN_ENUM_CONVERSION = YES;
				CLANG_WARN_INFINITE_RECURSION = YES;
				CLANG_WARN_INT_CONVERSION = YES;
				CLANG_WARN_NON_LITERAL_NULL_CONVERSION = YES;
				CLANG_WARN_OBJC_IMPLICIT_RETAIN_SELF = YES;
				CLANG_WARN_OBJC_LITERAL_CONVERSION = YES;
				CLANG_WARN_OBJC_ROOT_CLASS = YES_ERROR;
				CLANG_WARN_QUOTED_INCLUDE_IN_FRAMEWORK_HEADER = YES;
				CLANG_WARN_RANGE_LOOP_ANALYSIS = YES;
				CLANG_WARN_STRICT_PROTOTYPES = YES;
				CLANG_WARN_SUSPICIOUS_MOVE = YES;
				CLANG_WARN_UNGUARDED_AVAILABILITY = YES_AGGRESSIVE;
				CLANG_WARN_UNREACHABLE_CODE = YES;
				CLANG_WARN__DUPLICATE_METHOD_MATCH = YES;
				COPY_PHASE_STRIP = NO;
				DEBUG_INFORMATION_FORMAT = "dwarf-with-dsym";
				ENABLE_NS_ASSERTIONS = NO;
				ENABLE_STRICT_OBJC_MSGSEND = YES;
				GCC_C_LANGUAGE_STANDARD = gnu11;
				GCC_NO_COMMON_BLOCKS = YES;
				GCC_WARN_64_TO_32_BIT_CONVERSION = YES;
				GCC_WARN_ABOUT_RETURN_TYPE = YES_ERROR;
				GCC_WARN_UNDECLARED_SELECTOR = YES;
				GCC_WARN_UNINITIALIZED_AUTOS = YES_AGGRESSIVE;
				GCC_WARN_UNUSED_FUNCTION = YES;
				GCC_WARN_UNUSED_VARIABLE = YES;
				MTL_ENABLE_DEBUG_INFO = NO;
				MTL_FAST_MATH = YES;
				PRODUCT_NAME = "$(TARGET_NAME)";
				SDKROOT = iphoneos;
				SWIFT_COMPILATION_MODE = wholemodule;
				SWIFT_OPTIMIZATION_LEVEL = "-O";
				SWIFT_VERSION = 5.0;
			};
			name = Release;
		};
		63B65777795BE17E6B5A80FD /* Release */ = {
			isa = XCBuildConfiguration;
			buildSettings = {
				ASSETCATALOG_COMPILER_APPICON_NAME = AppIcon;
				CODE_SIGN_IDENTITY = "iPhone Developer";
				CODE_SIGN_STYLE = Automatic;
				CURRENT_PROJECT_VERSION = 1;
				DEVELOPMENT_TEAM = QMM486NPYC;
				INFOPLIST_FILE = FengShui/Info.plist;
				INFOPLIST_KEY_LSApplicationCategoryType = "public.app-category.lifestyle";
				IPHONEOS_DEPLOYMENT_TARGET = 17.0;
				LD_RUNPATH_SEARCH_PATHS = (
					"$(inherited)",
					"@executable_path/Frameworks",
				);
				MARKETING_VERSION = 1.0;
				PRODUCT_BUNDLE_IDENTIFIER = com.heyitsmejosh.fengshui;
				SDKROOT = iphoneos;
				TARGETED_DEVICE_FAMILY = "1,2";
			};
			name = Release;
		};
		83F9DEE4F1AA23D1B119DA69 /* Debug */ = {
			isa = XCBuildConfiguration;
			buildSettings = {
				ALWAYS_SEARCH_USER_PATHS = NO;
				CLANG_ANALYZER_NONNULL = YES;
				CLANG_ANALYZER_NUMBER_OBJECT_CONVERSION = YES_AGGRESSIVE;
				CLANG_CXX_LANGUAGE_STANDARD = "gnu++14";
				CLANG_CXX_LIBRARY = "libc++";
				CLANG_ENABLE_MODULES = YES;
				CLANG_ENABLE_OBJC_ARC = YES;
				CLANG_ENABLE_OBJC_WEAK = YES;
				CLANG_WARN_BLOCK_CAPTURE_AUTORELEASING = YES;
				CLANG_WARN_BOOL_CONVERSION = YES;
				CLANG_WARN_COMMA = YES;
				CLANG_WARN_CONSTANT_CONVERSION = YES;
				CLANG_WARN_DEPRECATED_OBJC_IMPLEMENTATIONS = YES;
				CLANG_WARN_DIRECT_OBJC_ISA_USAGE = YES_ERROR;
				CLANG_WARN_DOCUMENTATION_COMMENTS = YES;
				CLANG_WARN_EMPTY_BODY = YES;
				CLANG_WARN_ENUM_CONVERSION = YES;
				CLANG_WARN_INFINITE_RECURSION = YES;
				CLANG_WARN_INT_CONVERSION = YES;
				CLANG_WARN_NON_LITERAL_NULL_CONVERSION = YES;
				CLANG_WARN_OBJC_IMPLICIT_RETAIN_SELF = YES;
				CLANG_WARN_OBJC_LITERAL_CONVERSION = YES;
				CLANG_WARN_OBJC_ROOT_CLASS = YES_ERROR;
				CLANG_WARN_QUOTED_INCLUDE_IN_FRAMEWORK_HEADER = YES;
				CLANG_WARN_RANGE_LOOP_ANALYSIS = YES;
				CLANG_WARN_STRICT_PROTOTYPES = YES;
				CLANG_WARN_SUSPICIOUS_MOVE = YES;
				CLANG_WARN_UNGUARDED_AVAILABILITY = YES_AGGRESSIVE;
				CLANG_WARN_UNREACHABLE_CODE = YES;
				CLANG_WARN__DUPLICATE_METHOD_MATCH = YES;
				COPY_PHASE_STRIP = NO;
				DEBUG_INFORMATION_FORMAT = dwarf;
				ENABLE_STRICT_OBJC_MSGSEND = YES;
				ENABLE_TESTABILITY = YES;
				GCC_C_LANGUAGE_STANDARD = gnu11;
				GCC_DYNAMIC_NO_PIC = NO;
				GCC_NO_COMMON_BLOCKS = YES;
				GCC_OPTIMIZATION_LEVEL = 0;
				GCC_PREPROCESSOR_DEFINITIONS = (
					"$(inherited)",
					"DEBUG=1",
				);
				GCC_WARN_64_TO_32_BIT_CONVERSION = YES;
				GCC_WARN_ABOUT_RETURN_TYPE = YES_ERROR;
				GCC_WARN_UNDECLARED_SELECTOR = YES;
				GCC_WARN_UNINITIALIZED_AUTOS = YES_AGGRESSIVE;
				GCC_WARN_UNUSED_FUNCTION = YES;
				GCC_WARN_UNUSED_VARIABLE = YES;
				MTL_ENABLE_DEBUG_INFO = INCLUDE_SOURCE;
				MTL_FAST_MATH = YES;
				ONLY_ACTIVE_ARCH = YES;
				PRODUCT_NAME = "$(TARGET_NAME)";
				SDKROOT = iphoneos;
				SWIFT_ACTIVE_COMPILATION_CONDITIONS = DEBUG;
				SWIFT_OPTIMIZATION_LEVEL = "-Onone";
				SWIFT_VERSION = 5.0;
			};
			name = Debug;
		};
/* End XCBuildConfiguration section */

/* Begin XCConfigurationList section */
		3D3AA92C953A2C539264FD4C /* Build configuration list for PBXNativeTarget "FengShui" */ = {
			isa = XCConfigurationList;
			buildConfigurations = (
				244DE139079A14EC218F3408 /* Debug */,
				63B65777795BE17E6B5A80FD /* Release */,
			);
			defaultConfigurationIsVisible = 0;
			defaultConfigurationName = Debug;
		};
		F5A42564FA50F8AD0073FDF0 /* Build configuration list for PBXProject "FengShui" */ = {
			isa = XCConfigurationList;
			buildConfigurations = (
				83F9DEE4F1AA23D1B119DA69 /* Debug */,
				6219734425E9FE2A80DC5E18 /* Release */,
			);
			defaultConfigurationIsVisible = 0;
			defaultConfigurationName = Debug;
		};
/* End XCConfigurationList section */
	};
	rootObject = 1669A6554BD145B0999E8AE0 /* Project object */;
}
